
Microsoft Visual Studio Solution File, Format Version 12.00
# Visual Studio 15
VisualStudioVersion = 15.0.28307.136
MinimumVisualStudioVersion = 10.0.40219.1
Project("{FAE04EC0-301F-11D3-BF4B-00C04F79EFBC}") = "Ping_Pong_Game", "Ping_Pong_Game\Ping_Pong_Game.csproj", "{70FD4E3D-A28B-403A-849C-115E7F8269EE}"
EndProject
Global
	GlobalSection(SolutionConfigurationPlatforms) = preSolution
		Debug|Any CPU = Debug|Any CPU
		Release|Any CPU = Release|Any CPU
	EndGlobalSection
	GlobalSection(ProjectConfigurationPlatforms) = postSolution
		{70FD4E3D-A28B-403A-849C-115E7F8269EE}.Debug|Any CPU.ActiveCfg = Debug|Any CPU
		{70FD4E3D-A28B-403A-849C-115E7F8269EE}.Debug|Any CPU.Build.0 = Debug|Any CPU
		{70FD4E3D-A28B-403A-849C-115E7F8269EE}.Release|Any CPU.ActiveCfg = Release|Any CPU
		{70FD4E3D-A28B-403A-849C-115E7F8269EE}.Release|Any CPU.Build.0 = Release|Any CPU
	EndGlobalSection
	GlobalSection(SolutionProperties) = preSolution
		HideSolutionNode = FALSE
	EndGlobalSection
	GlobalSection(ExtensibilityGlobals) = postSolution
		SolutionGuid = {78BC87E6-F552-4625-9269-41DA2C5F8368}
	EndGlobalSection
EndGlobal
